Microsoft Visual Studio Solution File, Format Version 12.00
# Visual Studio Version 17
VisualStudioVersion = 17.5.2.0
MinimumVisualStudioVersion = 10.0.40219.1
Project("{FAE04EC0-301F-11D3-BF4B-00C04F79EFBC}") = "SiperuBackend", "SiperuBackend.csproj", "{1799CF63-E4C1-81BE-2D7F-183DFA1F2FA3}"
EndProject
Global
	GlobalSection(SolutionConfigurationPlatforms) = preSolution
		Debug|Any CPU = Debug|Any CPU
		Release|Any CPU = Release|Any CPU
	EndGlobalSection
	GlobalSection(ProjectConfigurationPlatforms) = postSolution
		{1799CF63-E4C1-81BE-2D7F-183DFA1F2FA3}.Debug|Any CPU.ActiveCfg = Debug|Any CPU
		{1799CF63-E4C1-81BE-2D7F-183DFA1F2FA3}.Debug|Any CPU.Build.0 = Debug|Any CPU
		{1799CF63-E4C1-81BE-2D7F-183DFA1F2FA3}.Release|Any CPU.ActiveCfg = Release|Any CPU
		{1799CF63-E4C1-81BE-2D7F-183DFA1F2FA3}.Release|Any CPU.Build.0 = Release|Any CPU
	EndGlobalSection
	GlobalSection(SolutionProperties) = preSolution
		HideSolutionNode = FALSE
	EndGlobalSection
	GlobalSection(ExtensibilityGlobals) = postSolution
		SolutionGuid = {180B452F-41A6-4E76-8A78-676CB960C416}
	EndGlobalSection
EndGlobal
